
Microsoft Visual Studio Solution File, Format Version 12.00
# Visual Studio Version 17
VisualStudioVersion = 17.2.32616.157
MinimumVisualStudioVersion = 10.0.40219.1
Project("{FAE04EC0-301F-11D3-BF4B-00C04F79EFBC}") = "NewIdentity", "NewIdentity\NewIdentity.csproj", "{200B1E43-65EA-43D5-A6A0-9E1D3E931C87}"
EndProject
Global
	GlobalSection(SolutionConfigurationPlatforms) = preSolution
		Debug|Any CPU = Debug|Any CPU
		Release|Any CPU = Release|Any CPU
	EndGlobalSection
	GlobalSection(ProjectConfigurationPlatforms) = postSolution
		{200B1E43-65EA-43D5-A6A0-9E1D3E931C87}.Debug|Any CPU.ActiveCfg = Debug|Any CPU
		{200B1E43-65EA-43D5-A6A0-9E1D3E931C87}.Debug|Any CPU.Build.0 = Debug|Any CPU
		{200B1E43-65EA-43D5-A6A0-9E1D3E931C87}.Release|Any CPU.ActiveCfg = Release|Any CPU
		{200B1E43-65EA-43D5-A6A0-9E1D3E931C87}.Release|Any CPU.Build.0 = Release|Any CPU
	EndGlobalSection
	GlobalSection(SolutionProperties) = preSolution
		HideSolutionNode = FALSE
	EndGlobalSection
	GlobalSection(ExtensibilityGlobals) = postSolution
		SolutionGuid = {8E53FCB3-5973-4E77-B7CA-966AF84BB69A}
	EndGlobalSection
EndGlobal
